{
  "nodes": {
    "brew-api": {
      "flake": false,
      "locked": {
        "lastModified": 1722594564,
        "narHash": "sha256-mE90Gy9+m+L92D3geFieXGQGp9gIJthasE6LS50Jr5c=",
        "owner": "BatteredBunny",
        "repo": "brew-api",
        "rev": "7849cc738fbf88d7a98d9a57aa663e5cf4df30e8",
        "type": "github"
      },
      "original": {
        "owner": "BatteredBunny",
        "repo": "brew-api",
        "type": "github"
      }
    },
    "brew-nix": {
      "inputs": {
        "brew-api": [
          "brew-api"
        ],
        "flake-utils": [
          "flake-utils"
        ],
        "nix-darwin": [
          "nix-darwin"
        ],
        "nixpkgs": [
          "nixpkgs"
        ]
      },
      "locked": {
        "dirtyRev": "7c55a2f23925049c24f0f8f7cddfff89e20e976d-dirty",
        "dirtyShortRev": "7c55a2f-dirty",
        "lastModified": 1722601785,
        "narHash": "sha256-HaU917XVRir5g0Werdx91ApoK66SVMsJxpkz6M1ALfc=",
        "type": "git",
        "url": "file:../"
      },
      "original": {
        "type": "git",
        "url": "file:../"
      }
    },
    "flake-utils": {
      "inputs": {
        "systems": "systems"
      },
      "locked": {
        "lastModified": 1710146030,
        "narHash": "sha256-SZ5L6eA7HJ/nmkzGG7/ISclqe6oZdOZTNoesiInkXPQ=",
        "owner": "numtide",
        "repo": "flake-utils",
        "rev": "b1d9ab70662946ef0850d488da1c9019f3a9752a",
        "type": "github"
      },
      "original": {
        "owner": "numtide",
        "repo": "flake-utils",
        "type": "github"
      }
    },
    "nix-darwin": {
      "inputs": {
        "nixpkgs": [
          "nixpkgs"
        ]
      },
      "locked": {
        "lastModified": 1722500642,
        "narHash": "sha256-Vls0TQRdplex1JslnBxEk3M26Q1vR+OSg+sk5rBG4DA=",
        "owner": "LnL7",
        "repo": "nix-darwin",
        "rev": "b47af8628624856ad6853168298f1f96364d92d6",
        "type": "github"
      },
      "original": {
        "owner": "LnL7",
        "repo": "nix-darwin",
        "type": "github"
      }
    },
    "nixpkgs": {
      "locked": {
        "lastModified": 1722460556,
        "narHash": "sha256-icgowa4FsmHJ2lH7wGwF95e7fvm7IsSVkhn6yjmHXdA=",
        "owner": "NixOS",
        "repo": "nixpkgs",
        "rev": "b87dfeec0dd13dd7bdea01877df48a8d7eb46091",
        "type": "github"
      },
      "original": {
        "owner": "NixOS",
        "ref": "nixpkgs-24.05-darwin",
        "repo": "nixpkgs",
        "type": "github"
      }
    },
    "root": {
      "inputs": {
        "brew-api": "brew-api",
        "brew-nix": "brew-nix",
        "flake-utils": "flake-utils",
        "nix-darwin": "nix-darwin",
        "nixpkgs": "nixpkgs"
      }
    },
    "systems": {
      "locked": {
        "lastModified": 1681028828,
        "narHash": "sha256-Vy1rq5AaRuLzOxct8nz4T6wlgyUR7zLU309k9mBC768=",
        "owner": "nix-systems",
        "repo": "default",
        "rev": "da67096a3b9bf56a91d16901293e51ba5b49a27e",
        "type": "github"
      },
      "original": {
        "owner": "nix-systems",
        "repo": "default",
        "type": "github"
      }
    }
  },
  "root": "root",
  "version": 7
}
